
Microsoft Visual Studio Solution File, Format Version 12.00
# Visual Studio Version 17
VisualStudioVersion = 17.1.32414.318
MinimumVisualStudioVersion = 10.0.40219.1
Project("{FAE04EC0-301F-11D3-BF4B-00C04F79EFBC}") = "ProductReviewManagement", "ProductReviewManagement.csproj", "{71D3CD42-F691-4E55-A7AD-7FB4BA6C1F9D}"
EndProject
Global
	GlobalSection(SolutionConfigurationPlatforms) = preSolution
		Debug|Any CPU = Debug|Any CPU
		Release|Any CPU = Release|Any CPU
	EndGlobalSection
	GlobalSection(ProjectConfigurationPlatforms) = postSolution
		{71D3CD42-F691-4E55-A7AD-7FB4BA6C1F9D}.Debug|Any CPU.ActiveCfg = Debug|Any CPU
		{71D3CD42-F691-4E55-A7AD-7FB4BA6C1F9D}.Debug|Any CPU.Build.0 = Debug|Any CPU
		{71D3CD42-F691-4E55-A7AD-7FB4BA6C1F9D}.Release|Any CPU.ActiveCfg = Release|Any CPU
		{71D3CD42-F691-4E55-A7AD-7FB4BA6C1F9D}.Release|Any CPU.Build.0 = Release|Any CPU
	EndGlobalSection
	GlobalSection(SolutionProperties) = preSolution
		HideSolutionNode = FALSE
	EndGlobalSection
	GlobalSection(ExtensibilityGlobals) = postSolution
		SolutionGuid = {DF65E4BC-E6A4-4F96-97B8-7BE127482E6A}
	EndGlobalSection
EndGlobal
